
Microsoft Visual Studio Solution File, Format Version 12.00
# Visual Studio Version 16
VisualStudioVersion = 16.0.29306.81
MinimumVisualStudioVersion = 10.0.40219.1
Project("{FAE04EC0-301F-11D3-BF4B-00C04F79EFBC}") = "ElevatorController", "ElevatorController.csproj", "{286F8CA4-BDE5-4BEB-B7B3-4F18E3B6096D}"
EndProject
Global
	GlobalSection(SolutionConfigurationPlatforms) = preSolution
		Debug|Any CPU = Debug|Any CPU
		Release|Any CPU = Release|Any CPU
	EndGlobalSection
	GlobalSection(ProjectConfigurationPlatforms) = postSolution
		{286F8CA4-BDE5-4BEB-B7B3-4F18E3B6096D}.Debug|Any CPU.ActiveCfg = Debug|Any CPU
		{286F8CA4-BDE5-4BEB-B7B3-4F18E3B6096D}.Debug|Any CPU.Build.0 = Debug|Any CPU
		{286F8CA4-BDE5-4BEB-B7B3-4F18E3B6096D}.Release|Any CPU.ActiveCfg = Release|Any CPU
		{286F8CA4-BDE5-4BEB-B7B3-4F18E3B6096D}.Release|Any CPU.Build.0 = Release|Any CPU
	EndGlobalSection
	GlobalSection(SolutionProperties) = preSolution
		HideSolutionNode = FALSE
	EndGlobalSection
	GlobalSection(ExtensibilityGlobals) = postSolution
		SolutionGuid = {DDFD361E-1AA8-4D3C-B7B8-8B549F5A5990}
	EndGlobalSection
EndGlobal
